
Microsoft Visual Studio Solution File, Format Version 12.00
# Visual Studio Version 17
VisualStudioVersion = 17.8.34330.188
MinimumVisualStudioVersion = 10.0.40219.1
Project("{FAE04EC0-301F-11D3-BF4B-00C04F79EFBC}") = "TarifDostuApi", "TarifDostuApi\TarifDostuApi.csproj", "{654DE422-6BA2-4E15-B151-E3B5D3D28D01}"
EndProject
Global
	GlobalSection(SolutionConfigurationPlatforms) = preSolution
		Debug|Any CPU = Debug|Any CPU
		Release|Any CPU = Release|Any CPU
	EndGlobalSection
	GlobalSection(ProjectConfigurationPlatforms) = postSolution
		{654DE422-6BA2-4E15-B151-E3B5D3D28D01}.Debug|Any CPU.ActiveCfg = Debug|Any CPU
		{654DE422-6BA2-4E15-B151-E3B5D3D28D01}.Debug|Any CPU.Build.0 = Debug|Any CPU
		{654DE422-6BA2-4E15-B151-E3B5D3D28D01}.Release|Any CPU.ActiveCfg = Release|Any CPU
		{654DE422-6BA2-4E15-B151-E3B5D3D28D01}.Release|Any CPU.Build.0 = Release|Any CPU
	EndGlobalSection
	GlobalSection(SolutionProperties) = preSolution
		HideSolutionNode = FALSE
	EndGlobalSection
	GlobalSection(ExtensibilityGlobals) = postSolution
		SolutionGuid = {2BF727B1-92C7-44D0-80D0-A98F59057E4B}
	EndGlobalSection
EndGlobal
